// !$*UTF8*$!
{
	archiveVersion = 1;
	classes = {
	};
	objectVersion = 48;
	objects = {

/* Begin PBXBuildFile section */
		386AA4F830AE4D00A3F06F51 /* libPods-you-get-ios.a in Frameworks */ = {isa = PBXBuildFile; fileRef = 41F925A84A25853A59A2DF7A /* libPods-you-get-ios.a */; };
		759DFD3F1F9DF09700906826 /* AppDelegate.m in Sources */ = {isa = PBXBuildFile; fileRef = 759DFD3E1F9DF09700906826 /* AppDelegate.m */; };
		759DFD451F9DF09700906826 /* Main.storyboard in Resources */ = {isa = PBXBuildFile; fileRef = 759DFD431F9DF09700906826 /* Main.storyboard */; };
		759DFD471F9DF09700906826 /* Assets.xcassets in Resources */ = {isa = PBXBuildFile; fileRef = 759DFD461F9DF09700906826 /* Assets.xcassets */; };
		759DFD4A1F9DF09700906826 /* LaunchScreen.storyboard in Resources */ = {isa = PBXBuildFile; fileRef = 759DFD481F9DF09700906826 /* LaunchScreen.storyboard */; };
		759DFD4D1F9DF09700906826 /* main.m in Sources */ = {isa = PBXBuildFile; fileRef = 759DFD4C1F9DF09700906826 /* main.m */; };
		759DFD6C1F9F350800906826 /* CLRootVC.m in Sources */ = {isa = PBXBuildFile; fileRef = 759DFD6B1F9F350800906826 /* CLRootVC.m */; };
		759DFD6F1F9F352400906826 /* CLWebVC.m in Sources */ = {isa = PBXBuildFile; fileRef = 759DFD6E1F9F352400906826 /* CLWebVC.m */; };
		759DFD721F9F353300906826 /* CLParseVC.m in Sources */ = {isa = PBXBuildFile; fileRef = 759DFD711F9F353300906826 /* CLParseVC.m */; };
		759DFD751F9F37CC00906826 /* CLRootItemCell.m in Sources */ = {isa = PBXBuildFile; fileRef = 759DFD741F9F37CC00906826 /* CLRootItemCell.m */; };
		759DFD781F9F38F000906826 /* CLRootItemModel.m in Sources */ = {isa = PBXBuildFile; fileRef = 759DFD771F9F38F000906826 /* CLRootItemModel.m */; };
		759DFD7B1FA0191800906826 /* CLParseItemCell.m in Sources */ = {isa = PBXBuildFile; fileRef = 759DFD7A1FA0191800906826 /* CLParseItemCell.m */; };
		759DFD7E1FA0611A00906826 /* UIViewController+BackButtonHandler.m in Sources */ = {isa = PBXBuildFile; fileRef = 759DFD7D1FA0611900906826 /* UIViewController+BackButtonHandler.m */; };
		75D2CFEF1FA8AB9800EB4078 /* libz.tbd in Frameworks */ = {isa = PBXBuildFile; fileRef = 75D2CFEE1FA8AB9800EB4078 /* libz.tbd */; };
		75FDE2A02010297D00CDDD3D /* you_get_sdk.framework in Frameworks */ = {isa = PBXBuildFile; fileRef = 750543021FFB579600D3065E /* you_get_sdk.framework */; };
		75FDE2A3201031F500CDDD3D /* you_get_sdk.framework in Frameworks */ = {isa = PBXBuildFile; fileRef = 750543021FFB579600D3065E /* you_get_sdk.framework */; };
		75FDE2A4201031F500CDDD3D /* you_get_sdk.framework in Embed Frameworks */ = {isa = PBXBuildFile; fileRef = 750543021FFB579600D3065E /* you_get_sdk.framework */; settings = {ATTRIBUTES = (CodeSignOnCopy, RemoveHeadersOnCopy, ); }; };
/* End PBXBuildFile section */

/* Begin PBXCopyFilesBuildPhase section */
		75FDE2A5201031F500CDDD3D /* Embed Frameworks */ = {
			isa = PBXCopyFilesBuildPhase;
			buildActionMask = 2147483647;
			dstPath = "";
			dstSubfolderSpec = 10;
			files = (
				75FDE2A4201031F500CDDD3D /* you_get_sdk.framework in Embed Frameworks */,
			);
			name = "Embed Frameworks";
			runOnlyForDeploymentPostprocessing = 0;
		};
/* End PBXCopyFilesBuildPhase section */

/* Begin PBXFileReference section */
		24BDE77D73BCBF85BEA05215 /* Pods-you-get-ios.release.xcconfig */ = {isa = PBXFileReference; includeInIndex = 1; lastKnownFileType = text.xcconfig; name = "Pods-you-get-ios.release.xcconfig"; path = "Pods/Target Support Files/Pods-you-get-ios/Pods-you-get-ios.release.xcconfig"; sourceTree = "<group>"; };
		41F925A84A25853A59A2DF7A /* libPods-you-get-ios.a */ = {isa = PBXFileReference; explicitFileType = archive.ar; includeInIndex = 0; path = "libPods-you-get-ios.a"; sourceTree = BUILT_PRODUCTS_DIR; };
		50D3AD4E162B543592B75CF6 /* Pods-you-get-ios.debug.xcconfig */ = {isa = PBXFileReference; includeInIndex = 1; lastKnownFileType = text.xcconfig; name = "Pods-you-get-ios.debug.xcconfig"; path = "Pods/Target Support Files/Pods-you-get-ios/Pods-you-get-ios.debug.xcconfig"; sourceTree = "<group>"; };
		750543021FFB579600D3065E /* you_get_sdk.framework */ = {isa = PBXFileReference; explicitFileType = wrapper.framework; path = you_get_sdk.framework; sourceTree = BUILT_PRODUCTS_DIR; };
		759DFD3A1F9DF09700906826 /* you-get-ios.app */ = {isa = PBXFileReference; explicitFileType = wrapper.application; includeInIndex = 0; path = "you-get-ios.app"; sourceTree = BUILT_PRODUCTS_DIR; };
		759DFD3D1F9DF09700906826 /* AppDelegate.h */ = {isa = PBXFileReference; lastKnownFileType = sourcecode.c.h; path = AppDelegate.h; sourceTree = "<group>"; };
		759DFD3E1F9DF09700906826 /* AppDelegate.m */ = {isa = PBXFileReference; lastKnownFileType = sourcecode.c.objc; path = AppDelegate.m; sourceTree = "<group>"; };
		759DFD441F9DF09700906826 /* Base */ = {isa = PBXFileReference; lastKnownFileType = file.storyboard; name = Base; path = Base.lproj/Main.storyboard; sourceTree = "<group>"; };
		759DFD461F9DF09700906826 /* Assets.xcassets */ = {isa = PBXFileReference; lastKnownFileType = folder.assetcatalog; path = Assets.xcassets; sourceTree = "<group>"; };
		759DFD491F9DF09700906826 /* Base */ = {isa = PBXFileReference; lastKnownFileType = file.storyboard; name = Base; path = Base.lproj/LaunchScreen.storyboard; sourceTree = "<group>"; };
		759DFD4B1F9DF09700906826 /* Info.plist */ = {isa = PBXFileReference; lastKnownFileType = text.plist.xml; path = Info.plist; sourceTree = "<group>"; };
		759DFD4C1F9DF09700906826 /* main.m */ = {isa = PBXFileReference; lastKnownFileType = sourcecode.c.objc; path = main.m; sourceTree = "<group>"; };
		759DFD6A1F9F350800906826 /* CLRootVC.h */ = {isa = PBXFileReference; lastKnownFileType = sourcecode.c.h; path = CLRootVC.h; sourceTree = "<group>"; };
		759DFD6B1F9F350800906826 /* CLRootVC.m */ = {isa = PBXFileReference; lastKnownFileType = sourcecode.c.objc; path = CLRootVC.m; sourceTree = "<group>"; };
		759DFD6D1F9F352400906826 /* CLWebVC.h */ = {isa = PBXFileReference; lastKnownFileType = sourcecode.c.h; path = CLWebVC.h; sourceTree = "<group>"; };
		759DFD6E1F9F352400906826 /* CLWebVC.m */ = {isa = PBXFileReference; lastKnownFileType = sourcecode.c.objc; path = CLWebVC.m; sourceTree = "<group>"; };
		759DFD701F9F353300906826 /* CLParseVC.h */ = {isa = PBXFileReference; lastKnownFileType = sourcecode.c.h; path = CLParseVC.h; sourceTree = "<group>"; };
		759DFD711F9F353300906826 /* CLParseVC.m */ = {isa = PBXFileReference; lastKnownFileType = sourcecode.c.objc; path = CLParseVC.m; sourceTree = "<group>"; };
		759DFD731F9F37CC00906826 /* CLRootItemCell.h */ = {isa = PBXFileReference; lastKnownFileType = sourcecode.c.h; path = CLRootItemCell.h; sourceTree = "<group>"; };
		759DFD741F9F37CC00906826 /* CLRootItemCell.m */ = {isa = PBXFileReference; lastKnownFileType = sourcecode.c.objc; path = CLRootItemCell.m; sourceTree = "<group>"; };
		759DFD761F9F38F000906826 /* CLRootItemModel.h */ = {isa = PBXFileReference; lastKnownFileType = sourcecode.c.h; path = CLRootItemModel.h; sourceTree = "<group>"; };
		759DFD771F9F38F000906826 /* CLRootItemModel.m */ = {isa = PBXFileReference; lastKnownFileType = sourcecode.c.objc; path = CLRootItemModel.m; sourceTree = "<group>"; };
		759DFD791FA0191800906826 /* CLParseItemCell.h */ = {isa = PBXFileReference; lastKnownFileType = sourcecode.c.h; path = CLParseItemCell.h; sourceTree = "<group>"; };
		759DFD7A1FA0191800906826 /* CLParseItemCell.m */ = {isa = PBXFileReference; lastKnownFileType = sourcecode.c.objc; path = CLParseItemCell.m; sourceTree = "<group>"; };
		759DFD7C1FA0610B00906826 /* UIViewController+BackButtonHandler.h */ = {isa = PBXFileReference; lastKnownFileType = sourcecode.c.h; path = "UIViewController+BackButtonHandler.h"; sourceTree = "<group>"; };
		759DFD7D1FA0611900906826 /* UIViewController+BackButtonHandler.m */ = {isa = PBXFileReference; lastKnownFileType = sourcecode.c.objc; path = "UIViewController+BackButtonHandler.m"; sourceTree = "<group>"; };
		75D2CFEE1FA8AB9800EB4078 /* libz.tbd */ = {isa = PBXFileReference; lastKnownFileType = "sourcecode.text-based-dylib-definition"; name = libz.tbd; path = usr/lib/libz.tbd; sourceTree = SDKROOT; };
		75FDE2CE20103A6600CDDD3D /* AFNetworking.framework */ = {isa = PBXFileReference; explicitFileType = wrapper.framework; path = AFNetworking.framework; sourceTree = BUILT_PRODUCTS_DIR; };
		75FDE2D020103A6A00CDDD3D /* JSONModel.framework */ = {isa = PBXFileReference; explicitFileType = wrapper.framework; path = JSONModel.framework; sourceTree = BUILT_PRODUCTS_DIR; };
/* End PBXFileReference section */

/* Begin PBXFrameworksBuildPhase section */
		759DFD371F9DF09700906826 /* Frameworks */ = {
			isa = PBXFrameworksBuildPhase;
			buildActionMask = 2147483647;
			files = (
				75FDE2A02010297D00CDDD3D /* you_get_sdk.framework in Frameworks */,
				75D2CFEF1FA8AB9800EB4078 /* libz.tbd in Frameworks */,
				75FDE2A3201031F500CDDD3D /* you_get_sdk.framework in Frameworks */,
				386AA4F830AE4D00A3F06F51 /* libPods-you-get-ios.a in Frameworks */,
			);
			runOnlyForDeploymentPostprocessing = 0;
		};
/* End PBXFrameworksBuildPhase section */

/* Begin PBXGroup section */
		759DFD311F9DF09700906826 = {
			isa = PBXGroup;
			children = (
				759DFD3C1F9DF09700906826 /* you-get-ios */,
				759DFD3B1F9DF09700906826 /* Products */,
				9DCB8DF957E08D49377EDAA7 /* Pods */,
				93B36B6744AA8877AC307CDF /* Frameworks */,
			);
			sourceTree = "<group>";
		};
		759DFD3B1F9DF09700906826 /* Products */ = {
			isa = PBXGroup;
			children = (
				759DFD3A1F9DF09700906826 /* you-get-ios.app */,
			);
			name = Products;
			sourceTree = "<group>";
		};
		759DFD3C1F9DF09700906826 /* you-get-ios */ = {
			isa = PBXGroup;
			children = (
				759DFD691F9F34EC00906826 /* UI */,
				759DFD3D1F9DF09700906826 /* AppDelegate.h */,
				759DFD3E1F9DF09700906826 /* AppDelegate.m */,
				759DFD431F9DF09700906826 /* Main.storyboard */,
				759DFD461F9DF09700906826 /* Assets.xcassets */,
				759DFD481F9DF09700906826 /* LaunchScreen.storyboard */,
				759DFD4B1F9DF09700906826 /* Info.plist */,
				759DFD4C1F9DF09700906826 /* main.m */,
			);
			path = "you-get-ios";
			sourceTree = "<group>";
		};
		759DFD691F9F34EC00906826 /* UI */ = {
			isa = PBXGroup;
			children = (
				759DFD7C1FA0610B00906826 /* UIViewController+BackButtonHandler.h */,
				759DFD7D1FA0611900906826 /* UIViewController+BackButtonHandler.m */,
				759DFD6A1F9F350800906826 /* CLRootVC.h */,
				759DFD6B1F9F350800906826 /* CLRootVC.m */,
				759DFD6D1F9F352400906826 /* CLWebVC.h */,
				759DFD6E1F9F352400906826 /* CLWebVC.m */,
				759DFD701F9F353300906826 /* CLParseVC.h */,
				759DFD711F9F353300906826 /* CLParseVC.m */,
				759DFD731F9F37CC00906826 /* CLRootItemCell.h */,
				759DFD741F9F37CC00906826 /* CLRootItemCell.m */,
				759DFD761F9F38F000906826 /* CLRootItemModel.h */,
				759DFD771F9F38F000906826 /* CLRootItemModel.m */,
				759DFD791FA0191800906826 /* CLParseItemCell.h */,
				759DFD7A1FA0191800906826 /* CLParseItemCell.m */,
			);
			path = UI;
			sourceTree = "<group>";
		};
		93B36B6744AA8877AC307CDF /* Frameworks */ = {
			isa = PBXGroup;
			children = (
				75FDE2D020103A6A00CDDD3D /* JSONModel.framework */,
				75FDE2CE20103A6600CDDD3D /* AFNetworking.framework */,
				750543021FFB579600D3065E /* you_get_sdk.framework */,
				75D2CFEE1FA8AB9800EB4078 /* libz.tbd */,
				41F925A84A25853A59A2DF7A /* libPods-you-get-ios.a */,
			);
			name = Frameworks;
			sourceTree = "<group>";
		};
		9DCB8DF957E08D49377EDAA7 /* Pods */ = {
			isa = PBXGroup;
			children = (
				50D3AD4E162B543592B75CF6 /* Pods-you-get-ios.debug.xcconfig */,
				24BDE77D73BCBF85BEA05215 /* Pods-you-get-ios.release.xcconfig */,
			);
			name = Pods;
			sourceTree = "<group>";
		};
/* End PBXGroup section */

/* Begin PBXNativeTarget section */
		759DFD391F9DF09700906826 /* you-get-ios */ = {
			isa = PBXNativeTarget;
			buildConfigurationList = 759DFD501F9DF09700906826 /* Build configuration list for PBXNativeTarget "you-get-ios" */;
			buildPhases = (
				926DD0277499A53FB0F27973 /* [CP] Check Pods Manifest.lock */,
				759DFD361F9DF09700906826 /* Sources */,
				759DFD371F9DF09700906826 /* Frameworks */,
				759DFD381F9DF09700906826 /* Resources */,
				D3EC6A2FB8BFFBC940476329 /* [CP] Embed Pods Frameworks */,
				BF907F23C4E17A37B291DB89 /* [CP] Copy Pods Resources */,
				75FDE2A5201031F500CDDD3D /* Embed Frameworks */,
			);
			buildRules = (
			);
			dependencies = (
			);
			name = "you-get-ios";
			productName = "you-get-ios";
			productReference = 759DFD3A1F9DF09700906826 /* you-get-ios.app */;
			productType = "com.apple.product-type.application";
		};
/* End PBXNativeTarget section */

/* Begin PBXProject section */
		759DFD321F9DF09700906826 /* Project object */ = {
			isa = PBXProject;
			attributes = {
				LastUpgradeCheck = 0900;
				ORGANIZATIONNAME = Charlie.Z;
				TargetAttributes = {
					759DFD391F9DF09700906826 = {
						CreatedOnToolsVersion = 9.0;
						ProvisioningStyle = Automatic;
					};
				};
			};
			buildConfigurationList = 759DFD351F9DF09700906826 /* Build configuration list for PBXProject "you-get-ios" */;
			compatibilityVersion = "Xcode 8.0";
			developmentRegion = en;
			hasScannedForEncodings = 0;
			knownRegions = (
				en,
				Base,
			);
			mainGroup = 759DFD311F9DF09700906826;
			productRefGroup = 759DFD3B1F9DF09700906826 /* Products */;
			projectDirPath = "";
			projectRoot = "";
			targets = (
				759DFD391F9DF09700906826 /* you-get-ios */,
			);
		};
/* End PBXProject section */

/* Begin PBXResourcesBuildPhase section */
		759DFD381F9DF09700906826 /* Resources */ = {
			isa = PBXResourcesBuildPhase;
			buildActionMask = 2147483647;
			files = (
				759DFD4A1F9DF09700906826 /* LaunchScreen.storyboard in Resources */,
				759DFD471F9DF09700906826 /* Assets.xcassets in Resources */,
				759DFD451F9DF09700906826 /* Main.storyboard in Resources */,
			);
			runOnlyForDeploymentPostprocessing = 0;
		};
/* End PBXResourcesBuildPhase section */

/* Begin PBXShellScriptBuildPhase section */
		926DD0277499A53FB0F27973 /* [CP] Check Pods Manifest.lock */ = {
			isa = PBXShellScriptBuildPhase;
			buildActionMask = 2147483647;
			files = (
			);
			inputPaths = (
				"${PODS_PODFILE_DIR_PATH}/Podfile.lock",
				"${PODS_ROOT}/Manifest.lock",
			);
			name = "[CP] Check Pods Manifest.lock";
			outputPaths = (
				"$(DERIVED_FILE_DIR)/Pods-you-get-ios-checkManifestLockResult.txt",
			);
			runOnlyForDeploymentPostprocessing = 0;
			shellPath = /bin/sh;
			shellScript = "diff \"${PODS_PODFILE_DIR_PATH}/Podfile.lock\" \"${PODS_ROOT}/Manifest.lock\" > /dev/null\nif [ $? != 0 ] ; then\n    # print error to STDERR\n    echo \"error: The sandbox is not in sync with the Podfile.lock. Run 'pod install' or update your CocoaPods installation.\" >&2\n    exit 1\nfi\n# This output is used by Xcode 'outputs' to avoid re-running this script phase.\necho \"SUCCESS\" > \"${SCRIPT_OUTPUT_FILE_0}\"\n";
			showEnvVarsInLog = 0;
		};
		BF907F23C4E17A37B291DB89 /* [CP] Copy Pods Resources */ = {
			isa = PBXShellScriptBuildPhase;
			buildActionMask = 2147483647;
			files = (
			);
			inputPaths = (
			);
			name = "[CP] Copy Pods Resources";
			outputPaths = (
			);
			runOnlyForDeploymentPostprocessing = 0;
			shellPath = /bin/sh;
			shellScript = "\"${SRCROOT}/Pods/Target Support Files/Pods-you-get-ios/Pods-you-get-ios-resources.sh\"\n";
			showEnvVarsInLog = 0;
		};
		D3EC6A2FB8BFFBC940476329 /* [CP] Embed Pods Frameworks */ = {
			isa = PBXShellScriptBuildPhase;
			buildActionMask = 2147483647;
			files = (
			);
			inputPaths = (
				"${SRCROOT}/Pods/Target Support Files/Pods-you-get-ios/Pods-you-get-ios-frameworks.sh",
				"${BUILT_PRODUCTS_DIR}/AFNetworking/AFNetworking.framework",
				"${BUILT_PRODUCTS_DIR}/JSONModel/JSONModel.framework",
			);
			name = "[CP] Embed Pods Frameworks";
			outputPaths = (
				"${TARGET_BUILD_DIR}/${FRAMEWORKS_FOLDER_PATH}/AFNetworking.framework",
				"${TARGET_BUILD_DIR}/${FRAMEWORKS_FOLDER_PATH}/JSONModel.framework",
			);
			runOnlyForDeploymentPostprocessing = 0;
			shellPath = /bin/sh;
			shellScript = "\"${SRCROOT}/Pods/Target Support Files/Pods-you-get-ios/Pods-you-get-ios-frameworks.sh\"\n";
			showEnvVarsInLog = 0;
		};
/* End PBXShellScriptBuildPhase section */

/* Begin PBXSourcesBuildPhase section */
		759DFD361F9DF09700906826 /* Sources */ = {
			isa = PBXSourcesBuildPhase;
			buildActionMask = 2147483647;
			files = (
				759DFD7E1FA0611A00906826 /* UIViewController+BackButtonHandler.m in Sources */,
				759DFD4D1F9DF09700906826 /* main.m in Sources */,
				759DFD3F1F9DF09700906826 /* AppDelegate.m in Sources */,
				759DFD721F9F353300906826 /* CLParseVC.m in Sources */,
				759DFD6F1F9F352400906826 /* CLWebVC.m in Sources */,
				759DFD781F9F38F000906826 /* CLRootItemModel.m in Sources */,
				759DFD751F9F37CC00906826 /* CLRootItemCell.m in Sources */,
				759DFD6C1F9F350800906826 /* CLRootVC.m in Sources */,
				759DFD7B1FA0191800906826 /* CLParseItemCell.m in Sources */,
			);
			runOnlyForDeploymentPostprocessing = 0;
		};
/* End PBXSourcesBuildPhase section */

/* Begin PBXVariantGroup section */
		759DFD431F9DF09700906826 /* Main.storyboard */ = {
			isa = PBXVariantGroup;
			children = (
				759DFD441F9DF09700906826 /* Base */,
			);
			name = Main.storyboard;
			sourceTree = "<group>";
		};
		759DFD481F9DF09700906826 /* LaunchScreen.storyboard */ = {
			isa = PBXVariantGroup;
			children = (
				759DFD491F9DF09700906826 /* Base */,
			);
			name = LaunchScreen.storyboard;
			sourceTree = "<group>";
		};
/* End PBXVariantGroup section */

/* Begin XCBuildConfiguration section */
		759DFD4E1F9DF09700906826 /* Debug */ = {
			isa = XCBuildConfiguration;
			buildSettings = {
				ALWAYS_SEARCH_USER_PATHS = NO;
				CLANG_ALLOW_NON_MODULAR_INCLUDES_IN_FRAMEWORK_MODULES = YES;
				CLANG_ANALYZER_NONNULL = YES;
				CLANG_ANALYZER_NUMBER_OBJECT_CONVERSION = YES_AGGRESSIVE;
				CLANG_CXX_LANGUAGE_STANDARD = "gnu++14";
				CLANG_CXX_LIBRARY = "libc++";
				CLANG_ENABLE_MODULES = YES;
				CLANG_ENABLE_OBJC_ARC = YES;
				CLANG_WARN_BLOCK_CAPTURE_AUTORELEASING = YES;
				CLANG_WARN_BOOL_CONVERSION = YES;
				CLANG_WARN_COMMA = YES;
				CLANG_WARN_CONSTANT_CONVERSION = YES;
				CLANG_WARN_DIRECT_OBJC_ISA_USAGE = YES_ERROR;
				CLANG_WARN_DOCUMENTATION_COMMENTS = YES;
				CLANG_WARN_EMPTY_BODY = YES;
				CLANG_WARN_ENUM_CONVERSION = YES;
				CLANG_WARN_INFINITE_RECURSION = YES;
				CLANG_WARN_INT_CONVERSION = YES;
				CLANG_WARN_NON_LITERAL_NULL_CONVERSION = YES;
				CLANG_WARN_OBJC_LITERAL_CONVERSION = YES;
				CLANG_WARN_OBJC_ROOT_CLASS = YES_ERROR;
				CLANG_WARN_RANGE_LOOP_ANALYSIS = YES;
				CLANG_WARN_STRICT_PROTOTYPES = YES;
				CLANG_WARN_SUSPICIOUS_MOVE = YES;
				CLANG_WARN_UNGUARDED_AVAILABILITY = YES_AGGRESSIVE;
				CLANG_WARN_UNREACHABLE_CODE = YES;
				CLANG_WARN__DUPLICATE_METHOD_MATCH = YES;
				CODE_SIGN_IDENTITY = "iPhone Developer";
				COPY_PHASE_STRIP = NO;
				DEBUG_INFORMATION_FORMAT = dwarf;
				ENABLE_STRICT_OBJC_MSGSEND = YES;
				ENABLE_TESTABILITY = YES;
				GCC_C_LANGUAGE_STANDARD = gnu11;
				GCC_DYNAMIC_NO_PIC = NO;
				GCC_NO_COMMON_BLOCKS = YES;
				GCC_OPTIMIZATION_LEVEL = 0;
				GCC_PREPROCESSOR_DEFINITIONS = (
					"DEBUG=1",
					"$(inherited)",
				);
				GCC_WARN_64_TO_32_BIT_CONVERSION = YES;
				GCC_WARN_ABOUT_RETURN_TYPE = YES_ERROR;
				GCC_WARN_UNDECLARED_SELECTOR = YES;
				GCC_WARN_UNINITIALIZED_AUTOS = YES_AGGRESSIVE;
				GCC_WARN_UNUSED_FUNCTION = YES;
				GCC_WARN_UNUSED_VARIABLE = YES;
				IPHONEOS_DEPLOYMENT_TARGET = 11.0;
				MTL_ENABLE_DEBUG_INFO = YES;
				ONLY_ACTIVE_ARCH = YES;
				SDKROOT = iphoneos;
			};
			name = Debug;
		};
		759DFD4F1F9DF09700906826 /* Release */ = {
			isa = XCBuildConfiguration;
			buildSettings = {
				ALWAYS_SEARCH_USER_PATHS = NO;
				CLANG_ALLOW_NON_MODULAR_INCLUDES_IN_FRAMEWORK_MODULES = YES;
				CLANG_ANALYZER_NONNULL = YES;
				CLANG_ANALYZER_NUMBER_OBJECT_CONVERSION = YES_AGGRESSIVE;
				CLANG_CXX_LANGUAGE_STANDARD = "gnu++14";
				CLANG_CXX_LIBRARY = "libc++";
				CLANG_ENABLE_MODULES = YES;
				CLANG_ENABLE_OBJC_ARC = YES;
				CLANG_WARN_BLOCK_CAPTURE_AUTORELEASING = YES;
				CLANG_WARN_BOOL_CONVERSION = YES;
				CLANG_WARN_COMMA = YES;
				CLANG_WARN_CONSTANT_CONVERSION = YES;
				CLANG_WARN_DIRECT_OBJC_ISA_USAGE = YES_ERROR;
				CLANG_WARN_DOCUMENTATION_COMMENTS = YES;
				CLANG_WARN_EMPTY_BODY = YES;
				CLANG_WARN_ENUM_CONVERSION = YES;
				CLANG_WARN_INFINITE_RECURSION = YES;
				CLANG_WARN_INT_CONVERSION = YES;
				CLANG_WARN_NON_LITERAL_NULL_CONVERSION = YES;
				CLANG_WARN_OBJC_LITERAL_CONVERSION = YES;
				CLANG_WARN_OBJC_ROOT_CLASS = YES_ERROR;
				CLANG_WARN_RANGE_LOOP_ANALYSIS = YES;
				CLANG_WARN_STRICT_PROTOTYPES = YES;
				CLANG_WARN_SUSPICIOUS_MOVE = YES;
				CLANG_WARN_UNGUARDED_AVAILABILITY = YES_AGGRESSIVE;
				CLANG_WARN_UNREACHABLE_CODE = YES;
				CLANG_WARN__DUPLICATE_METHOD_MATCH = YES;
				CODE_SIGN_IDENTITY = "iPhone Developer";
				COPY_PHASE_STRIP = NO;
				DEBUG_INFORMATION_FORMAT = "dwarf-with-dsym";
				ENABLE_NS_ASSERTIONS = NO;
				ENABLE_STRICT_OBJC_MSGSEND = YES;
				GCC_C_LANGUAGE_STANDARD = gnu11;
				GCC_NO_COMMON_BLOCKS = YES;
				GCC_WARN_64_TO_32_BIT_CONVERSION = YES;
				GCC_WARN_ABOUT_RETURN_TYPE = YES_ERROR;
				GCC_WARN_UNDECLARED_SELECTOR = YES;
				GCC_WARN_UNINITIALIZED_AUTOS = YES_AGGRESSIVE;
				GCC_WARN_UNUSED_FUNCTION = YES;
				GCC_WARN_UNUSED_VARIABLE = YES;
				IPHONEOS_DEPLOYMENT_TARGET = 11.0;
				MTL_ENABLE_DEBUG_INFO = NO;
				SDKROOT = iphoneos;
				VALIDATE_PRODUCT = YES;
			};
			name = Release;
		};
		759DFD511F9DF09700906826 /* Debug */ = {
			isa = XCBuildConfiguration;
			baseConfigurationReference = 50D3AD4E162B543592B75CF6 /* Pods-you-get-ios.debug.xcconfig */;
			buildSettings = {
				ASSETCATALOG_COMPILER_APPICON_NAME = AppIcon;
				CLANG_ALLOW_NON_MODULAR_INCLUDES_IN_FRAMEWORK_MODULES = YES;
				CODE_SIGN_STYLE = Automatic;
				DEVELOPMENT_TEAM = 9MPG7BBVN2;
				FRAMEWORK_SEARCH_PATHS = "";
				INFOPLIST_FILE = "you-get-ios/Info.plist";
				IPHONEOS_DEPLOYMENT_TARGET = 9.0;
				LD_RUNPATH_SEARCH_PATHS = "$(inherited) @executable_path/Frameworks";
				PRODUCT_BUNDLE_IDENTIFIER = "com.zcl.you-get-ios";
				PRODUCT_NAME = "$(TARGET_NAME)";
				TARGETED_DEVICE_FAMILY = "1,2";
			};
			name = Debug;
		};
		759DFD521F9DF09700906826 /* Release */ = {
			isa = XCBuildConfiguration;
			baseConfigurationReference = 24BDE77D73BCBF85BEA05215 /* Pods-you-get-ios.release.xcconfig */;
			buildSettings = {
				ASSETCATALOG_COMPILER_APPICON_NAME = AppIcon;
				CLANG_ALLOW_NON_MODULAR_INCLUDES_IN_FRAMEWORK_MODULES = YES;
				CODE_SIGN_STYLE = Automatic;
				DEVELOPMENT_TEAM = 9MPG7BBVN2;
				FRAMEWORK_SEARCH_PATHS = "";
				INFOPLIST_FILE = "you-get-ios/Info.plist";
				IPHONEOS_DEPLOYMENT_TARGET = 9.0;
				LD_RUNPATH_SEARCH_PATHS = "$(inherited) @executable_path/Frameworks";
				PRODUCT_BUNDLE_IDENTIFIER = "com.zcl.you-get-ios";
				PRODUCT_NAME = "$(TARGET_NAME)";
				TARGETED_DEVICE_FAMILY = "1,2";
			};
			name = Release;
		};
/* End XCBuildConfiguration section */

/* Begin XCConfigurationList section */
		759DFD351F9DF09700906826 /* Build configuration list for PBXProject "you-get-ios" */ = {
			isa = XCConfigurationList;
			buildConfigurations = (
				759DFD4E1F9DF09700906826 /* Debug */,
				759DFD4F1F9DF09700906826 /* Release */,
			);
			defaultConfigurationIsVisible = 0;
			defaultConfigurationName = Release;
		};
		759DFD501F9DF09700906826 /* Build configuration list for PBXNativeTarget "you-get-ios" */ = {
			isa = XCConfigurationList;
			buildConfigurations = (
				759DFD511F9DF09700906826 /* Debug */,
				759DFD521F9DF09700906826 /* Release */,
			);
			defaultConfigurationIsVisible = 0;
			defaultConfigurationName = Release;
		};
/* End XCConfigurationList section */
	};
	rootObject = 759DFD321F9DF09700906826 /* Project object */;
}
